
Microsoft Visual Studio Solution File, Format Version 12.00
# Visual Studio Version 17
VisualStudioVersion = 17.2.32616.157
MinimumVisualStudioVersion = 10.0.40219.1
Project("{FAE04EC0-301F-11D3-BF4B-00C04F79EFBC}") = "UAS_013", "UAS_013\UAS_013.csproj", "{4F27AB33-B5CD-4D56-9ECC-A217FC364FBB}"
EndProject
Global
	GlobalSection(SolutionConfigurationPlatforms) = preSolution
		Debug|Any CPU = Debug|Any CPU
		Release|Any CPU = Release|Any CPU
	EndGlobalSection
	GlobalSection(ProjectConfigurationPlatforms) = postSolution
		{4F27AB33-B5CD-4D56-9ECC-A217FC364FBB}.Debug|Any CPU.ActiveCfg = Debug|Any CPU
		{4F27AB33-B5CD-4D56-9ECC-A217FC364FBB}.Debug|Any CPU.Build.0 = Debug|Any CPU
		{4F27AB33-B5CD-4D56-9ECC-A217FC364FBB}.Release|Any CPU.ActiveCfg = Release|Any CPU
		{4F27AB33-B5CD-4D56-9ECC-A217FC364FBB}.Release|Any CPU.Build.0 = Release|Any CPU
	EndGlobalSection
	GlobalSection(SolutionProperties) = preSolution
		HideSolutionNode = FALSE
	EndGlobalSection
	GlobalSection(ExtensibilityGlobals) = postSolution
		SolutionGuid = {604427DA-E25B-40A0-A1BB-8F999D5CE700}
	EndGlobalSection
EndGlobal
